{
  "name": "app",
  "lockfileVersion": 3,
  "requires": true,
  "packages": {
    "": {
      "dependencies": {
        "cline": "^1.0.1"
      }
    },
    "node_modules/cline": {
      "version": "1.0.1",
      "resolved": "https://registry.npmjs.org/cline/-/cline-1.0.1.tgz",
      "integrity": "sha512-2ON8BaRqNINpl4l3FeS9fOA47fq96GNUvYZ/Kfm6IaFsOHAE3DHIg0FDZVKYJn7VeHQcupPcsuJZr7ziONBbUw==",
      "bundleDependencies": [
        "@grpc/grpc-js",
        "@grpc/reflection",
        "better-sqlite3",
        "grpc-health-check",
        "open",
        "vscode-uri"
      ],
      "cpu": [
        "x64",
        "arm64"
      ],
      "hasInstallScript": true,
      "license": "Apache-2.0",
      "os": [
        "darwin",
        "linux"
      ],
      "dependencies": {
        "@grpc/grpc-js": "^1.13.3",
        "@grpc/reflection": "^1.0.4",
        "better-sqlite3": "^12.2.0",
        "grpc-health-check": "^2.0.2",
        "open": "^10.1.2",
        "vscode-uri": "^3.1.0"
      },
      "bin": {
        "cline": "bin/cline",
        "cline-host": "bin/cline-host"
      },
      "engines": {
        "node": ">=20.0.0"
      }
    },
    "node_modules/cline/node_modules/@grpc/grpc-js": {
      "version": "1.13.3",
      "inBundle": true,
      "license": "Apache-2.0",
      "dependencies": {
        "@grpc/proto-loader": "^0.7.13",
        "@js-sdsl/ordered-map": "^4.4.2"
      },
      "engines": {
        "node": ">=12.10.0"
      }
    },
    "node_modules/cline/node_modules/@grpc/proto-loader": {
      "version": "0.7.15",
      "inBundle": true,
      "license": "Apache-2.0",
      "dependencies": {
        "lodash.camelcase": "^4.3.0",
        "long": "^5.0.0",
        "protobufjs": "^7.2.5",
        "yargs": "^17.7.2"
      },
      "bin": {
        "proto-loader-gen-types": "build/bin/proto-loader-gen-types.js"
      },
      "engines": {
        "node": ">=6"
      }
    },
    "node_modules/cline/node_modules/@grpc/reflection": {
      "version": "1.0.4",
      "inBundle": true,
      "license": "Apache-2.0",
      "dependencies": {
        "@grpc/proto-loader": "^0.7.13",
        "protobufjs": "^7.2.5"
      },
      "peerDependencies": {
        "@grpc/grpc-js": "^1.8.21"
      }
    },
    "node_modules/cline/node_modules/@js-sdsl/ordered-map": {
      "version": "4.4.2",
      "inBundle": true,
      "license": "MIT",
      "funding": {
        "type": "opencollective",
        "url": "https://opencollective.com/js-sdsl"
      }
    },
    "node_modules/cline/node_modules/@protobufjs/aspromise": {
      "version": "1.1.2",
      "inBundle": true,
      "license": "BSD-3-Clause"
    },
    "node_modules/cline/node_modules/@protobufjs/base64": {
      "version": "1.1.2",
      "inBundle": true,
      "license": "BSD-3-Clause"
    },
    "node_modules/cline/node_modules/@protobufjs/codegen": {
      "version": "2.0.4",
      "inBundle": true,
      "license": "BSD-3-Clause"
    },
    "node_modules/cline/node_modules/@protobufjs/eventemitter": {
      "version": "1.1.0",
      "inBundle": true,
      "license": "BSD-3-Clause"
    },
    "node_modules/cline/node_modules/@protobufjs/fetch": {
      "version": "1.1.0",
      "inBundle": true,
      "license": "BSD-3-Clause",
      "dependencies": {
        "@protobufjs/aspromise": "^1.1.1",
        "@protobufjs/inquire": "^1.1.0"
      }
    },
    "node_modules/cline/node_modules/@protobufjs/float": {
      "version": "1.0.2",
      "inBundle": true,
      "license": "BSD-3-Clause"
    },
    "node_modules/cline/node_modules/@protobufjs/inquire": {
      "version": "1.1.0",
      "inBundle": true,
      "license": "BSD-3-Clause"
    },
    "node_modules/cline/node_modules/@protobufjs/path": {
      "version": "1.1.2",
      "inBundle": true,
      "license": "BSD-3-Clause"
    },
    "node_modules/cline/node_modules/@protobufjs/pool": {
      "version": "1.1.0",
      "inBundle": true,
      "license": "BSD-3-Clause"
    },
    "node_modules/cline/node_modules/@protobufjs/utf8": {
      "version": "1.1.0",
      "inBundle": true,
      "license": "BSD-3-Clause"
    },
    "node_modules/cline/node_modules/@types/node": {
      "version": "22.15.18",
      "inBundle": true,
      "license": "MIT",
      "dependencies": {
        "undici-types": "~6.21.0"
      }
    },
    "node_modules/cline/node_modules/ansi-regex": {
      "version": "5.0.1",
      "inBundle": true,
      "license": "MIT",
      "engines": {
        "node": ">=8"
      }
    },
    "node_modules/cline/node_modules/ansi-styles": {
      "version": "4.3.0",
      "inBundle": true,
      "license": "MIT",
      "dependencies": {
        "color-convert": "^2.0.1"
      },
      "engines": {
        "node": ">=8"
      },
      "funding": {
        "url": "https://github.com/chalk/ansi-styles?sponsor=1"
      }
    },
    "node_modules/cline/node_modules/base64-js": {
      "version": "1.5.1",
      "funding": [
        {
          "type": "github",
          "url": "https://github.com/sponsors/feross"
        },
        {
          "type": "patreon",
          "url": "https://www.patreon.com/feross"
        },
        {
          "type": "consulting",
          "url": "https://feross.org/support"
        }
      ],
      "inBundle": true,
      "license": "MIT"
    },
    "node_modules/cline/node_modules/better-sqlite3": {
      "version": "12.2.0",
      "hasInstallScript": true,
      "inBundle": true,
      "license": "MIT",
      "dependencies": {
        "bindings": "^1.5.0",
        "prebuild-install": "^7.1.1"
      },
      "engines": {
        "node": "20.x || 22.x || 23.x || 24.x"
      }
    },
    "node_modules/cline/node_modules/bindings": {
      "version": "1.5.0",
      "inBundle": true,
      "license": "MIT",
      "dependencies": {
        "file-uri-to-path": "1.0.0"
      }
    },
    "node_modules/cline/node_modules/bl": {
      "version": "4.1.0",
      "inBundle": true,
      "license": "MIT",
      "dependencies": {
        "buffer": "^5.5.0",
        "inherits": "^2.0.4",
        "readable-stream": "^3.4.0"
      }
    },
    "node_modules/cline/node_modules/buffer": {
      "version": "5.7.1",
      "funding": [
        {
          "type": "github",
          "url": "https://github.com/sponsors/feross"
        },
        {
          "type": "patreon",
          "url": "https://www.patreon.com/feross"
        },
        {
          "type": "consulting",
          "url": "https://feross.org/support"
        }
      ],
      "inBundle": true,
      "license": "MIT",
      "dependencies": {
        "base64-js": "^1.3.1",
        "ieee754": "^1.1.13"
      }
    },
    "node_modules/cline/node_modules/bundle-name": {
      "version": "4.1.0",
      "inBundle": true,
      "license": "MIT",
      "dependencies": {
        "run-applescript": "^7.0.0"
      },
      "engines": {
        "node": ">=18"
      },
      "funding": {
        "url": "https://github.com/sponsors/sindresorhus"
      }
    },
    "node_modules/cline/node_modules/chownr": {
      "version": "1.1.4",
      "inBundle": true,
      "license": "ISC"
    },
    "node_modules/cline/node_modules/cliui": {
      "version": "8.0.1",
      "inBundle": true,
      "license": "ISC",
      "dependencies": {
        "string-width": "^4.2.0",
        "strip-ansi": "^6.0.1",
        "wrap-ansi": "^7.0.0"
      },
      "engines": {
        "node": ">=12"
      }
    },
    "node_modules/cline/node_modules/color-convert": {
      "version": "2.0.1",
      "inBundle": true,
      "license": "MIT",
      "dependencies": {
        "color-name": "~1.1.4"
      },
      "engines": {
        "node": ">=7.0.0"
      }
    },
    "node_modules/cline/node_modules/color-name": {
      "version": "1.1.4",
      "inBundle": true,
      "license": "MIT"
    },
    "node_modules/cline/node_modules/decompress-response": {
      "version": "6.0.0",
      "inBundle": true,
      "license": "MIT",
      "dependencies": {
        "mimic-response": "^3.1.0"
      },
      "engines": {
        "node": ">=10"
      },
      "funding": {
        "url": "https://github.com/sponsors/sindresorhus"
      }
    },
    "node_modules/cline/node_modules/deep-extend": {
      "version": "0.6.0",
      "inBundle": true,
      "license": "MIT",
      "engines": {
        "node": ">=4.0.0"
      }
    },
    "node_modules/cline/node_modules/default-browser": {
      "version": "5.2.1",
      "inBundle": true,
      "license": "MIT",
      "dependencies": {
        "bundle-name": "^4.1.0",
        "default-browser-id": "^5.0.0"
      },
      "engines": {
        "node": ">=18"
      },
      "funding": {
        "url": "https://github.com/sponsors/sindresorhus"
      }
    },
    "node_modules/cline/node_modules/default-browser-id": {
      "version": "5.0.0",
      "inBundle": true,
      "license": "MIT",
      "engines": {
        "node": ">=18"
      },
      "funding": {
        "url": "https://github.com/sponsors/sindresorhus"
      }
    },
    "node_modules/cline/node_modules/define-lazy-prop": {
      "version": "3.0.0",
      "inBundle": true,
      "license": "MIT",
      "engines": {
        "node": ">=12"
      },
      "funding": {
        "url": "https://github.com/sponsors/sindresorhus"
      }
    },
    "node_modules/cline/node_modules/detect-libc": {
      "version": "2.0.4",
      "inBundle": true,
      "license": "Apache-2.0",
      "engines": {
        "node": ">=8"
      }
    },
    "node_modules/cline/node_modules/emoji-regex": {
      "version": "8.0.0",
      "inBundle": true,
      "license": "MIT"
    },
    "node_modules/cline/node_modules/end-of-stream": {
      "version": "1.4.5",
      "inBundle": true,
      "license": "MIT",
      "dependencies": {
        "once": "^1.4.0"
      }
    },
    "node_modules/cline/node_modules/escalade": {
      "version": "3.2.0",
      "inBundle": true,
      "license": "MIT",
      "engines": {
        "node": ">=6"
      }
    },
    "node_modules/cline/node_modules/expand-template": {
      "version": "2.0.3",
      "inBundle": true,
      "license": "(MIT OR WTFPL)",
      "engines": {
        "node": ">=6"
      }
    },
    "node_modules/cline/node_modules/file-uri-to-path": {
      "version": "1.0.0",
      "inBundle": true,
      "license": "MIT"
    },
    "node_modules/cline/node_modules/fs-constants": {
      "version": "1.0.0",
      "inBundle": true,
      "license": "MIT"
    },
    "node_modules/cline/node_modules/get-caller-file": {
      "version": "2.0.5",
      "inBundle": true,
      "license": "ISC",
      "engines": {
        "node": "6.* || 8.* || >= 10.*"
      }
    },
    "node_modules/cline/node_modules/github-from-package": {
      "version": "0.0.0",
      "inBundle": true,
      "license": "MIT"
    },
    "node_modules/cline/node_modules/grpc-health-check": {
      "version": "2.0.2",
      "inBundle": true,
      "license": "Apache-2.0",
      "dependencies": {
        "@grpc/proto-loader": "^0.7.13"
      }
    },
    "node_modules/cline/node_modules/ieee754": {
      "version": "1.2.1",
      "funding": [
        {
          "type": "github",
          "url": "https://github.com/sponsors/feross"
        },
        {
          "type": "patreon",
          "url": "https://www.patreon.com/feross"
        },
        {
          "type": "consulting",
          "url": "https://feross.org/support"
        }
      ],
      "inBundle": true,
      "license": "BSD-3-Clause"
    },
    "node_modules/cline/node_modules/inherits": {
      "version": "2.0.4",
      "inBundle": true,
      "license": "ISC"
    },
    "node_modules/cline/node_modules/ini": {
      "version": "1.3.8",
      "inBundle": true,
      "license": "ISC"
    },
    "node_modules/cline/node_modules/is-docker": {
      "version": "3.0.0",
      "inBundle": true,
      "license": "MIT",
      "bin": {
        "is-docker": "cli.js"
      },
      "engines": {
        "node": "^12.20.0 || ^14.13.1 || >=16.0.0"
      },
      "funding": {
        "url": "https://github.com/sponsors/sindresorhus"
      }
    },
    "node_modules/cline/node_modules/is-fullwidth-code-point": {
      "version": "3.0.0",
      "inBundle": true,
      "license": "MIT",
      "engines": {
        "node": ">=8"
      }
    },
    "node_modules/cline/node_modules/is-inside-container": {
      "version": "1.0.0",
      "inBundle": true,
      "license": "MIT",
      "dependencies": {
        "is-docker": "^3.0.0"
      },
      "bin": {
        "is-inside-container": "cli.js"
      },
      "engines": {
        "node": ">=14.16"
      },
      "funding": {
        "url": "https://github.com/sponsors/sindresorhus"
      }
    },
    "node_modules/cline/node_modules/is-wsl": {
      "version": "3.1.0",
      "inBundle": true,
      "license": "MIT",
      "dependencies": {
        "is-inside-container": "^1.0.0"
      },
      "engines": {
        "node": ">=16"
      },
      "funding": {
        "url": "https://github.com/sponsors/sindresorhus"
      }
    },
    "node_modules/cline/node_modules/lodash.camelcase": {
      "version": "4.3.0",
      "inBundle": true,
      "license": "MIT"
    },
    "node_modules/cline/node_modules/long": {
      "version": "5.3.2",
      "inBundle": true,
      "license": "Apache-2.0"
    },
    "node_modules/cline/node_modules/mimic-response": {
      "version": "3.1.0",
      "inBundle": true,
      "license": "MIT",
      "engines": {
        "node": ">=10"
      },
      "funding": {
        "url": "https://github.com/sponsors/sindresorhus"
      }
    },
    "node_modules/cline/node_modules/minimist": {
      "version": "1.2.8",
      "inBundle": true,
      "license": "MIT",
      "funding": {
        "url": "https://github.com/sponsors/ljharb"
      }
    },
    "node_modules/cline/node_modules/mkdirp-classic": {
      "version": "0.5.3",
      "inBundle": true,
      "license": "MIT"
    },
    "node_modules/cline/node_modules/napi-build-utils": {
      "version": "2.0.0",
      "inBundle": true,
      "license": "MIT"
    },
    "node_modules/cline/node_modules/node-abi": {
      "version": "3.77.0",
      "inBundle": true,
      "license": "MIT",
      "dependencies": {
        "semver": "^7.3.5"
      },
      "engines": {
        "node": ">=10"
      }
    },
    "node_modules/cline/node_modules/once": {
      "version": "1.4.0",
      "inBundle": true,
      "license": "ISC",
      "dependencies": {
        "wrappy": "1"
      }
    },
    "node_modules/cline/node_modules/open": {
      "version": "10.1.2",
      "inBundle": true,
      "license": "MIT",
      "dependencies": {
        "default-browser": "^5.2.1",
        "define-lazy-prop": "^3.0.0",
        "is-inside-container": "^1.0.0",
        "is-wsl": "^3.1.0"
      },
      "engines": {
        "node": ">=18"
      },
      "funding": {
        "url": "https://github.com/sponsors/sindresorhus"
      }
    },
    "node_modules/cline/node_modules/prebuild-install": {
      "version": "7.1.3",
      "inBundle": true,
      "license": "MIT",
      "dependencies": {
        "detect-libc": "^2.0.0",
        "expand-template": "^2.0.3",
        "github-from-package": "0.0.0",
        "minimist": "^1.2.3",
        "mkdirp-classic": "^0.5.3",
        "napi-build-utils": "^2.0.0",
        "node-abi": "^3.3.0",
        "pump": "^3.0.0",
        "rc": "^1.2.7",
        "simple-get": "^4.0.0",
        "tar-fs": "^2.0.0",
        "tunnel-agent": "^0.6.0"
      },
      "bin": {
        "prebuild-install": "bin.js"
      },
      "engines": {
        "node": ">=10"
      }
    },
    "node_modules/cline/node_modules/protobufjs": {
      "version": "7.5.2",
      "hasInstallScript": true,
      "inBundle": true,
      "license": "BSD-3-Clause",
      "dependencies": {
        "@protobufjs/aspromise": "^1.1.2",
        "@protobufjs/base64": "^1.1.2",
        "@protobufjs/codegen": "^2.0.4",
        "@protobufjs/eventemitter": "^1.1.0",
        "@protobufjs/fetch": "^1.1.0",
        "@protobufjs/float": "^1.0.2",
        "@protobufjs/inquire": "^1.1.0",
        "@protobufjs/path": "^1.1.2",
        "@protobufjs/pool": "^1.1.0",
        "@protobufjs/utf8": "^1.1.0",
        "@types/node": ">=13.7.0",
        "long": "^5.0.0"
      },
      "engines": {
        "node": ">=12.0.0"
      }
    },
    "node_modules/cline/node_modules/pump": {
      "version": "3.0.3",
      "inBundle": true,
      "license": "MIT",
      "dependencies": {
        "end-of-stream": "^1.1.0",
        "once": "^1.3.1"
      }
    },
    "node_modules/cline/node_modules/rc": {
      "version": "1.2.8",
      "inBundle": true,
      "license": "(BSD-2-Clause OR MIT OR Apache-2.0)",
      "dependencies": {
        "deep-extend": "^0.6.0",
        "ini": "~1.3.0",
        "minimist": "^1.2.0",
        "strip-json-comments": "~2.0.1"
      },
      "bin": {
        "rc": "cli.js"
      }
    },
    "node_modules/cline/node_modules/readable-stream": {
      "version": "3.6.2",
      "inBundle": true,
      "license": "MIT",
      "dependencies": {
        "inherits": "^2.0.3",
        "string_decoder": "^1.1.1",
        "util-deprecate": "^1.0.1"
      },
      "engines": {
        "node": ">= 6"
      }
    },
    "node_modules/cline/node_modules/require-directory": {
      "version": "2.1.1",
      "inBundle": true,
      "license": "MIT",
      "engines": {
        "node": ">=0.10.0"
      }
    },
    "node_modules/cline/node_modules/run-applescript": {
      "version": "7.0.0",
      "inBundle": true,
      "license": "MIT",
      "engines": {
        "node": ">=18"
      },
      "funding": {
        "url": "https://github.com/sponsors/sindresorhus"
      }
    },
    "node_modules/cline/node_modules/safe-buffer": {
      "version": "5.2.1",
      "funding": [
        {
          "type": "github",
          "url": "https://github.com/sponsors/feross"
        },
        {
          "type": "patreon",
          "url": "https://www.patreon.com/feross"
        },
        {
          "type": "consulting",
          "url": "https://feross.org/support"
        }
      ],
      "inBundle": true,
      "license": "MIT"
    },
    "node_modules/cline/node_modules/semver": {
      "version": "7.7.2",
      "inBundle": true,
      "license": "ISC",
      "bin": {
        "semver": "bin/semver.js"
      },
      "engines": {
        "node": ">=10"
      }
    },
    "node_modules/cline/node_modules/simple-concat": {
      "version": "1.0.1",
      "funding": [
        {
          "type": "github",
          "url": "https://github.com/sponsors/feross"
        },
        {
          "type": "patreon",
          "url": "https://www.patreon.com/feross"
        },
        {
          "type": "consulting",
          "url": "https://feross.org/support"
        }
      ],
      "inBundle": true,
      "license": "MIT"
    },
    "node_modules/cline/node_modules/simple-get": {
      "version": "4.0.1",
      "funding": [
        {
          "type": "github",
          "url": "https://github.com/sponsors/feross"
        },
        {
          "type": "patreon",
          "url": "https://www.patreon.com/feross"
        },
        {
          "type": "consulting",
          "url": "https://feross.org/support"
        }
      ],
      "inBundle": true,
      "license": "MIT",
      "dependencies": {
        "decompress-response": "^6.0.0",
        "once": "^1.3.1",
        "simple-concat": "^1.0.0"
      }
    },
    "node_modules/cline/node_modules/string_decoder": {
      "version": "1.3.0",
      "inBundle": true,
      "license": "MIT",
      "dependencies": {
        "safe-buffer": "~5.2.0"
      }
    },
    "node_modules/cline/node_modules/string-width": {
      "version": "4.2.3",
      "inBundle": true,
      "license": "MIT",
      "dependencies": {
        "emoji-regex": "^8.0.0",
        "is-fullwidth-code-point": "^3.0.0",
        "strip-ansi": "^6.0.1"
      },
      "engines": {
        "node": ">=8"
      }
    },
    "node_modules/cline/node_modules/strip-ansi": {
      "version": "6.0.1",
      "inBundle": true,
      "license": "MIT",
      "dependencies": {
        "ansi-regex": "^5.0.1"
      },
      "engines": {
        "node": ">=8"
      }
    },
    "node_modules/cline/node_modules/strip-json-comments": {
      "version": "2.0.1",
      "inBundle": true,
      "license": "MIT",
      "engines": {
        "node": ">=0.10.0"
      }
    },
    "node_modules/cline/node_modules/tar-fs": {
      "version": "2.1.3",
      "inBundle": true,
      "license": "MIT",
      "dependencies": {
        "chownr": "^1.1.1",
        "mkdirp-classic": "^0.5.2",
        "pump": "^3.0.0",
        "tar-stream": "^2.1.4"
      }
    },
    "node_modules/cline/node_modules/tar-stream": {
      "version": "2.2.0",
      "inBundle": true,
      "license": "MIT",
      "dependencies": {
        "bl": "^4.0.3",
        "end-of-stream": "^1.4.1",
        "fs-constants": "^1.0.0",
        "inherits": "^2.0.3",
        "readable-stream": "^3.1.1"
      },
      "engines": {
        "node": ">=6"
      }
    },
    "node_modules/cline/node_modules/tunnel-agent": {
      "version": "0.6.0",
      "inBundle": true,
      "license": "Apache-2.0",
      "dependencies": {
        "safe-buffer": "^5.0.1"
      },
      "engines": {
        "node": "*"
      }
    },
    "node_modules/cline/node_modules/undici-types": {
      "version": "6.21.0",
      "inBundle": true,
      "license": "MIT"
    },
    "node_modules/cline/node_modules/util-deprecate": {
      "version": "1.0.2",
      "inBundle": true,
      "license": "MIT"
    },
    "node_modules/cline/node_modules/vscode-uri": {
      "version": "3.1.0",
      "inBundle": true,
      "license": "MIT"
    },
    "node_modules/cline/node_modules/wrap-ansi": {
      "version": "7.0.0",
      "inBundle": true,
      "license": "MIT",
      "dependencies": {
        "ansi-styles": "^4.0.0",
        "string-width": "^4.1.0",
        "strip-ansi": "^6.0.0"
      },
      "engines": {
        "node": ">=10"
      },
      "funding": {
        "url": "https://github.com/chalk/wrap-ansi?sponsor=1"
      }
    },
    "node_modules/cline/node_modules/wrappy": {
      "version": "1.0.2",
      "inBundle": true,
      "license": "ISC"
    },
    "node_modules/cline/node_modules/y18n": {
      "version": "5.0.8",
      "inBundle": true,
      "license": "ISC",
      "engines": {
        "node": ">=10"
      }
    },
    "node_modules/cline/node_modules/yargs": {
      "version": "17.7.2",
      "inBundle": true,
      "license": "MIT",
      "dependencies": {
        "cliui": "^8.0.1",
        "escalade": "^3.1.1",
        "get-caller-file": "^2.0.5",
        "require-directory": "^2.1.1",
        "string-width": "^4.2.3",
        "y18n": "^5.0.5",
        "yargs-parser": "^21.1.1"
      },
      "engines": {
        "node": ">=12"
      }
    },
    "node_modules/cline/node_modules/yargs-parser": {
      "version": "21.1.1",
      "inBundle": true,
      "license": "ISC",
      "engines": {
        "node": ">=12"
      }
    }
  }
}
